
Microsoft Visual Studio Solution File, Format Version 12.00
# Visual Studio 14
VisualStudioVersion = 14.0.25420.1
MinimumVisualStudioVersion = 10.0.40219.1
Project("{2150E333-8FDC-42A3-9474-1A3956D46DE8}") = "src", "src", "{86F9C7C5-BCD7-4A75-8656-52C2F1B72940}"
EndProject
Project("{2150E333-8FDC-42A3-9474-1A3956D46DE8}") = "Solution Items", "Solution Items", "{6FE2816F-6C20-47DD-97B2-09515B8A703E}"
	ProjectSection(SolutionItems) = preProject
		global.json = global.json
	EndProjectSection
EndProject
Project("{8BB2217D-0F2D-49D1-97BC-3654ED321F3B}") = "JobsWebApp", "src\JobsWebApp\JobsWebApp.xproj", "{BDD482BA-B9C1-4BC8-9247-817D9F7BF82C}"
EndProject
Global
	GlobalSection(SolutionConfigurationPlatforms) = preSolution
		Debug|Any CPU = Debug|Any CPU
		Release|Any CPU = Release|Any CPU
	EndGlobalSection
	GlobalSection(ProjectConfigurationPlatforms) = postSolution
		{BDD482BA-B9C1-4BC8-9247-817D9F7BF82C}.Debug|Any CPU.ActiveCfg = Debug|Any CPU
		{BDD482BA-B9C1-4BC8-9247-817D9F7BF82C}.Debug|Any CPU.Build.0 = Debug|Any CPU
		{BDD482BA-B9C1-4BC8-9247-817D9F7BF82C}.Release|Any CPU.ActiveCfg = Release|Any CPU
		{BDD482BA-B9C1-4BC8-9247-817D9F7BF82C}.Release|Any CPU.Build.0 = Release|Any CPU
	EndGlobalSection
	GlobalSection(SolutionProperties) = preSolution
		HideSolutionNode = FALSE
	EndGlobalSection
	GlobalSection(NestedProjects) = preSolution
		{BDD482BA-B9C1-4BC8-9247-817D9F7BF82C} = {86F9C7C5-BCD7-4A75-8656-52C2F1B72940}
	EndGlobalSection
EndGlobal
